
Microsoft Visual Studio Solution File, Format Version 12.00
# Visual Studio 15
VisualStudioVersion = 15.0.28307.1831
MinimumVisualStudioVersion = 10.0.40219.1
Project("{FAE04EC0-301F-11D3-BF4B-00C04F79EFBC}") = "Homework3-31", "Homework3-31\Homework3-31.csproj", "{89DDCF63-A5E8-4712-ACD5-BFED03E49D9E}"
EndProject
Global
	GlobalSection(SolutionConfigurationPlatforms) = preSolution
		Debug|Any CPU = Debug|Any CPU
		Release|Any CPU = Release|Any CPU
	EndGlobalSection
	GlobalSection(ProjectConfigurationPlatforms) = postSolution
		{89DDCF63-A5E8-4712-ACD5-BFED03E49D9E}.Debug|Any CPU.ActiveCfg = Debug|Any CPU
		{89DDCF63-A5E8-4712-ACD5-BFED03E49D9E}.Debug|Any CPU.Build.0 = Debug|Any CPU
		{89DDCF63-A5E8-4712-ACD5-BFED03E49D9E}.Release|Any CPU.ActiveCfg = Release|Any CPU
		{89DDCF63-A5E8-4712-ACD5-BFED03E49D9E}.Release|Any CPU.Build.0 = Release|Any CPU
	EndGlobalSection
	GlobalSection(SolutionProperties) = preSolution
		HideSolutionNode = FALSE
	EndGlobalSection
	GlobalSection(ExtensibilityGlobals) = postSolution
		SolutionGuid = {909A95E7-E4DB-493C-BB7C-C6A026CCC6F5}
	EndGlobalSection
EndGlobal
