
Microsoft Visual Studio Solution File, Format Version 12.00
# Visual Studio 15
VisualStudioVersion = 15.0.28307.1831
MinimumVisualStudioVersion = 10.0.40219.1
Project("{FAE04EC0-301F-11D3-BF4B-00C04F79EFBC}") = "Homework-17", "Homework-17\Homework-17.csproj", "{CD8EEE9F-193F-4C1F-A2D6-FA3738B14B58}"
EndProject
Global
	GlobalSection(SolutionConfigurationPlatforms) = preSolution
		Debug|Any CPU = Debug|Any CPU
		Release|Any CPU = Release|Any CPU
	EndGlobalSection
	GlobalSection(ProjectConfigurationPlatforms) = postSolution
		{CD8EEE9F-193F-4C1F-A2D6-FA3738B14B58}.Debug|Any CPU.ActiveCfg = Debug|Any CPU
		{CD8EEE9F-193F-4C1F-A2D6-FA3738B14B58}.Debug|Any CPU.Build.0 = Debug|Any CPU
		{CD8EEE9F-193F-4C1F-A2D6-FA3738B14B58}.Release|Any CPU.ActiveCfg = Release|Any CPU
		{CD8EEE9F-193F-4C1F-A2D6-FA3738B14B58}.Release|Any CPU.Build.0 = Release|Any CPU
	EndGlobalSection
	GlobalSection(SolutionProperties) = preSolution
		HideSolutionNode = FALSE
	EndGlobalSection
	GlobalSection(ExtensibilityGlobals) = postSolution
		SolutionGuid = {B91FD125-2DED-4F1E-89DA-B03F1D8E27E7}
	EndGlobalSection
EndGlobal
