
Microsoft Visual Studio Solution File, Format Version 12.00
# Visual Studio 15
VisualStudioVersion = 15.0.28307.1831
MinimumVisualStudioVersion = 10.0.40219.1
Project("{FAE04EC0-301F-11D3-BF4B-00C04F79EFBC}") = "Homework2", "Homework2\Homework2.csproj", "{370A3CA4-DA4E-41AA-949E-9780AE946AE8}"
EndProject
Global
	GlobalSection(SolutionConfigurationPlatforms) = preSolution
		Debug|Any CPU = Debug|Any CPU
		Release|Any CPU = Release|Any CPU
	EndGlobalSection
	GlobalSection(ProjectConfigurationPlatforms) = postSolution
		{370A3CA4-DA4E-41AA-949E-9780AE946AE8}.Debug|Any CPU.ActiveCfg = Debug|Any CPU
		{370A3CA4-DA4E-41AA-949E-9780AE946AE8}.Debug|Any CPU.Build.0 = Debug|Any CPU
		{370A3CA4-DA4E-41AA-949E-9780AE946AE8}.Release|Any CPU.ActiveCfg = Release|Any CPU
		{370A3CA4-DA4E-41AA-949E-9780AE946AE8}.Release|Any CPU.Build.0 = Release|Any CPU
	EndGlobalSection
	GlobalSection(SolutionProperties) = preSolution
		HideSolutionNode = FALSE
	EndGlobalSection
	GlobalSection(ExtensibilityGlobals) = postSolution
		SolutionGuid = {F37808CA-C4BA-4F48-8690-8EE0B80E5758}
	EndGlobalSection
EndGlobal
