
Microsoft Visual Studio Solution File, Format Version 12.00
# Visual Studio 15
VisualStudioVersion = 15.0.28307.1831
MinimumVisualStudioVersion = 10.0.40219.1
Project("{FAE04EC0-301F-11D3-BF4B-00C04F79EFBC}") = "ConsoleApp3", "ConsoleApp3\ConsoleApp3.csproj", "{9C99AE14-8EC0-4862-8C8F-2387AE46EB8A}"
EndProject
Global
	GlobalSection(SolutionConfigurationPlatforms) = preSolution
		Debug|Any CPU = Debug|Any CPU
		Release|Any CPU = Release|Any CPU
	EndGlobalSection
	GlobalSection(ProjectConfigurationPlatforms) = postSolution
		{9C99AE14-8EC0-4862-8C8F-2387AE46EB8A}.Debug|Any CPU.ActiveCfg = Debug|Any CPU
		{9C99AE14-8EC0-4862-8C8F-2387AE46EB8A}.Debug|Any CPU.Build.0 = Debug|Any CPU
		{9C99AE14-8EC0-4862-8C8F-2387AE46EB8A}.Release|Any CPU.ActiveCfg = Release|Any CPU
		{9C99AE14-8EC0-4862-8C8F-2387AE46EB8A}.Release|Any CPU.Build.0 = Release|Any CPU
	EndGlobalSection
	GlobalSection(SolutionProperties) = preSolution
		HideSolutionNode = FALSE
	EndGlobalSection
	GlobalSection(ExtensibilityGlobals) = postSolution
		SolutionGuid = {C66B5359-1EB1-4E6B-BA9E-2A474D4E2723}
	EndGlobalSection
EndGlobal
