
Microsoft Visual Studio Solution File, Format Version 12.00
# Visual Studio 15
VisualStudioVersion = 15.0.28307.1831
MinimumVisualStudioVersion = 10.0.40219.1
Project("{FAE04EC0-301F-11D3-BF4B-00C04F79EFBC}") = "Homework5", "Homework5\Homework5.csproj", "{81DB06F9-2AF3-496E-BAD5-3D182D2D9106}"
EndProject
Global
	GlobalSection(SolutionConfigurationPlatforms) = preSolution
		Debug|Any CPU = Debug|Any CPU
		Release|Any CPU = Release|Any CPU
	EndGlobalSection
	GlobalSection(ProjectConfigurationPlatforms) = postSolution
		{81DB06F9-2AF3-496E-BAD5-3D182D2D9106}.Debug|Any CPU.ActiveCfg = Debug|Any CPU
		{81DB06F9-2AF3-496E-BAD5-3D182D2D9106}.Debug|Any CPU.Build.0 = Debug|Any CPU
		{81DB06F9-2AF3-496E-BAD5-3D182D2D9106}.Release|Any CPU.ActiveCfg = Release|Any CPU
		{81DB06F9-2AF3-496E-BAD5-3D182D2D9106}.Release|Any CPU.Build.0 = Release|Any CPU
	EndGlobalSection
	GlobalSection(SolutionProperties) = preSolution
		HideSolutionNode = FALSE
	EndGlobalSection
	GlobalSection(ExtensibilityGlobals) = postSolution
		SolutionGuid = {8B9F3873-AF64-4F66-9D91-1877152F6225}
	EndGlobalSection
EndGlobal
