
Microsoft Visual Studio Solution File, Format Version 12.00
# Visual Studio 15
VisualStudioVersion = 15.0.28307.1831
MinimumVisualStudioVersion = 10.0.40219.1
Project("{FAE04EC0-301F-11D3-BF4B-00C04F79EFBC}") = "Homework1-04.04.22", "Homework3-04.04.22\Homework1-04.04.22.csproj", "{C35799FC-302D-4BAB-B133-8FCA55219284}"
EndProject
Global
	GlobalSection(SolutionConfigurationPlatforms) = preSolution
		Debug|Any CPU = Debug|Any CPU
		Release|Any CPU = Release|Any CPU
	EndGlobalSection
	GlobalSection(ProjectConfigurationPlatforms) = postSolution
		{C35799FC-302D-4BAB-B133-8FCA55219284}.Debug|Any CPU.ActiveCfg = Debug|Any CPU
		{C35799FC-302D-4BAB-B133-8FCA55219284}.Debug|Any CPU.Build.0 = Debug|Any CPU
		{C35799FC-302D-4BAB-B133-8FCA55219284}.Release|Any CPU.ActiveCfg = Release|Any CPU
		{C35799FC-302D-4BAB-B133-8FCA55219284}.Release|Any CPU.Build.0 = Release|Any CPU
	EndGlobalSection
	GlobalSection(SolutionProperties) = preSolution
		HideSolutionNode = FALSE
	EndGlobalSection
	GlobalSection(ExtensibilityGlobals) = postSolution
		SolutionGuid = {84085302-B332-4715-8304-B372A98EA1EE}
	EndGlobalSection
EndGlobal
