
Microsoft Visual Studio Solution File, Format Version 12.00
# Visual Studio 15
VisualStudioVersion = 15.0.28307.1831
MinimumVisualStudioVersion = 10.0.40219.1
Project("{FAE04EC0-301F-11D3-BF4B-00C04F79EFBC}") = "Task1-24", "Task1-24\Task1-24.csproj", "{3718C425-6484-47D7-A315-B331118469F6}"
EndProject
Global
	GlobalSection(SolutionConfigurationPlatforms) = preSolution
		Debug|Any CPU = Debug|Any CPU
		Release|Any CPU = Release|Any CPU
	EndGlobalSection
	GlobalSection(ProjectConfigurationPlatforms) = postSolution
		{3718C425-6484-47D7-A315-B331118469F6}.Debug|Any CPU.ActiveCfg = Debug|Any CPU
		{3718C425-6484-47D7-A315-B331118469F6}.Debug|Any CPU.Build.0 = Debug|Any CPU
		{3718C425-6484-47D7-A315-B331118469F6}.Release|Any CPU.ActiveCfg = Release|Any CPU
		{3718C425-6484-47D7-A315-B331118469F6}.Release|Any CPU.Build.0 = Release|Any CPU
	EndGlobalSection
	GlobalSection(SolutionProperties) = preSolution
		HideSolutionNode = FALSE
	EndGlobalSection
	GlobalSection(ExtensibilityGlobals) = postSolution
		SolutionGuid = {60F7D414-AA5D-414A-9072-4106FD81DC27}
	EndGlobalSection
EndGlobal
